
Microsoft Visual Studio Solution File, Format Version 12.00
# Visual Studio Version 17
VisualStudioVersion = 17.0.32112.339
MinimumVisualStudioVersion = 10.0.40219.1
Project("{FAE04EC0-301F-11D3-BF4B-00C04F79EFBC}") = "PW3.1", "PW3.1.csproj", "{2214BC13-B8E1-427E-B9D0-CFECE07527FF}"
EndProject
Project("{FAE04EC0-301F-11D3-BF4B-00C04F79EFBC}") = "PW3.2", "..\PW3.2\PW3.2.csproj", "{7EF0D0D9-D531-4B0B-ACCF-D3084F975893}"
EndProject
Project("{FAE04EC0-301F-11D3-BF4B-00C04F79EFBC}") = "PW3.3", "..\PW3.3\PW3.3.csproj", "{03C1C704-EB15-4DB0-B065-48BFBCD4ACFB}"
EndProject
Project("{FAE04EC0-301F-11D3-BF4B-00C04F79EFBC}") = "PW3.4", "..\PW3.4\PW3.4.csproj", "{2AB6C939-F503-439F-B450-20CC40C4AD77}"
EndProject
Project("{FAE04EC0-301F-11D3-BF4B-00C04F79EFBC}") = "PW 3.5", "..\PW 3.5\PW 3.5.csproj", "{E7D36BEB-8454-4396-A51C-5928F8AB605F}"
EndProject
Global
	GlobalSection(SolutionConfigurationPlatforms) = preSolution
		Debug|Any CPU = Debug|Any CPU
		Release|Any CPU = Release|Any CPU
	EndGlobalSection
	GlobalSection(ProjectConfigurationPlatforms) = postSolution
		{2214BC13-B8E1-427E-B9D0-CFECE07527FF}.Debug|Any CPU.ActiveCfg = Debug|Any CPU
		{2214BC13-B8E1-427E-B9D0-CFECE07527FF}.Debug|Any CPU.Build.0 = Debug|Any CPU
		{2214BC13-B8E1-427E-B9D0-CFECE07527FF}.Release|Any CPU.ActiveCfg = Release|Any CPU
		{2214BC13-B8E1-427E-B9D0-CFECE07527FF}.Release|Any CPU.Build.0 = Release|Any CPU
		{7EF0D0D9-D531-4B0B-ACCF-D3084F975893}.Debug|Any CPU.ActiveCfg = Debug|Any CPU
		{7EF0D0D9-D531-4B0B-ACCF-D3084F975893}.Debug|Any CPU.Build.0 = Debug|Any CPU
		{7EF0D0D9-D531-4B0B-ACCF-D3084F975893}.Release|Any CPU.ActiveCfg = Release|Any CPU
		{7EF0D0D9-D531-4B0B-ACCF-D3084F975893}.Release|Any CPU.Build.0 = Release|Any CPU
		{03C1C704-EB15-4DB0-B065-48BFBCD4ACFB}.Debug|Any CPU.ActiveCfg = Debug|Any CPU
		{03C1C704-EB15-4DB0-B065-48BFBCD4ACFB}.Debug|Any CPU.Build.0 = Debug|Any CPU
		{03C1C704-EB15-4DB0-B065-48BFBCD4ACFB}.Release|Any CPU.ActiveCfg = Release|Any CPU
		{03C1C704-EB15-4DB0-B065-48BFBCD4ACFB}.Release|Any CPU.Build.0 = Release|Any CPU
		{2AB6C939-F503-439F-B450-20CC40C4AD77}.Debug|Any CPU.ActiveCfg = Debug|Any CPU
		{2AB6C939-F503-439F-B450-20CC40C4AD77}.Debug|Any CPU.Build.0 = Debug|Any CPU
		{2AB6C939-F503-439F-B450-20CC40C4AD77}.Release|Any CPU.ActiveCfg = Release|Any CPU
		{2AB6C939-F503-439F-B450-20CC40C4AD77}.Release|Any CPU.Build.0 = Release|Any CPU
		{E7D36BEB-8454-4396-A51C-5928F8AB605F}.Debug|Any CPU.ActiveCfg = Debug|Any CPU
		{E7D36BEB-8454-4396-A51C-5928F8AB605F}.Debug|Any CPU.Build.0 = Debug|Any CPU
		{E7D36BEB-8454-4396-A51C-5928F8AB605F}.Release|Any CPU.ActiveCfg = Release|Any CPU
		{E7D36BEB-8454-4396-A51C-5928F8AB605F}.Release|Any CPU.Build.0 = Release|Any CPU
	EndGlobalSection
	GlobalSection(SolutionProperties) = preSolution
		HideSolutionNode = FALSE
	EndGlobalSection
	GlobalSection(ExtensibilityGlobals) = postSolution
		SolutionGuid = {0FF8B425-9773-4836-9516-B8C4B0918924}
	EndGlobalSection
EndGlobal
